
Microsoft Visual Studio Solution File, Format Version 12.00
# Visual Studio Version 16
VisualStudioVersion = 16.0.29519.181
MinimumVisualStudioVersion = 10.0.40219.1
Project("{FAE04EC0-301F-11D3-BF4B-00C04F79EFBC}") = "veli1", "veli1\veli1.csproj", "{B72D0202-5124-470B-8B83-F09E2E7745BB}"
EndProject
Global
	GlobalSection(SolutionConfigurationPlatforms) = preSolution
		Debug|Any CPU = Debug|Any CPU
		Release|Any CPU = Release|Any CPU
	EndGlobalSection
	GlobalSection(ProjectConfigurationPlatforms) = postSolution
		{B72D0202-5124-470B-8B83-F09E2E7745BB}.Debug|Any CPU.ActiveCfg = Debug|Any CPU
		{B72D0202-5124-470B-8B83-F09E2E7745BB}.Debug|Any CPU.Build.0 = Debug|Any CPU
		{B72D0202-5124-470B-8B83-F09E2E7745BB}.Release|Any CPU.ActiveCfg = Release|Any CPU
		{B72D0202-5124-470B-8B83-F09E2E7745BB}.Release|Any CPU.Build.0 = Release|Any CPU
	EndGlobalSection
	GlobalSection(SolutionProperties) = preSolution
		HideSolutionNode = FALSE
	EndGlobalSection
	GlobalSection(ExtensibilityGlobals) = postSolution
		SolutionGuid = {971CDC9A-6ED4-4811-998C-6A6B553D19EC}
	EndGlobalSection
EndGlobal
